
Microsoft Visual Studio Solution File, Format Version 12.00
# Visual Studio Version 17
VisualStudioVersion = 17.3.32922.545
MinimumVisualStudioVersion = 10.0.40219.1
Project("{9A19103F-16F7-4668-BE54-9A1E7A4F7556}") = "Övning 02", "Övning 2\Övning 02.csproj", "{B37F50EA-BE13-45DF-AC3A-6BAD8AB5E549}"
EndProject
Project("{9A19103F-16F7-4668-BE54-9A1E7A4F7556}") = "Övning 03", "Övning 3\Övning 03.csproj", "{E7080F83-E915-4FB7-BA65-3BAE916C3069}"
EndProject
Project("{9A19103F-16F7-4668-BE54-9A1E7A4F7556}") = "Övning 04", "Övning4\Övning 04.csproj", "{C4427307-5425-43A3-BDBA-C1176DABEC2E}"
EndProject
Project("{9A19103F-16F7-4668-BE54-9A1E7A4F7556}") = "Övning 05 -Exceptions", "Övning5-Exceptions\Övning 05 -Exceptions.csproj", "{BCFAF72D-466D-4143-A4B0-19D701A7C8D4}"
EndProject
Project("{9A19103F-16F7-4668-BE54-9A1E7A4F7556}") = "Övning 06 -switches", "Övning6-switches\Övning 06 -switches.csproj", "{AC168B78-34D3-4D09-8646-9089CED44CF3}"
EndProject
Project("{9A19103F-16F7-4668-BE54-9A1E7A4F7556}") = "Enums", "Enums\Enums.csproj", "{B583C68A-2DCE-46B9-8F2B-E02155C72F25}"
EndProject
Project("{9A19103F-16F7-4668-BE54-9A1E7A4F7556}") = "Övning 07 -Metoder", "Övning7-Metoder\Övning 07 -Metoder.csproj", "{CB25EE3B-C153-48D7-A2DB-2ED4E9EC2797}"
EndProject
Project("{9A19103F-16F7-4668-BE54-9A1E7A4F7556}") = "Övning 07b -MerryMethods", "Övning7b-MerryMethods\Övning 07b -MerryMethods.csproj", "{FA7A4367-8B4B-443E-B16F-89E110C5B392}"
EndProject
Project("{9A19103F-16F7-4668-BE54-9A1E7A4F7556}") = "Arrays", "Arrays\Arrays.csproj", "{99226B5C-A462-436E-87A8-E17168F4BF9A}"
EndProject
Project("{9A19103F-16F7-4668-BE54-9A1E7A4F7556}") = "Övning 08 -Arrays", "Övning8-Arrays\Övning 08 -Arrays.csproj", "{10E5CB99-8F29-429B-B810-453E7FE6E0FE}"
EndProject
Project("{9A19103F-16F7-4668-BE54-9A1E7A4F7556}") = "ArrayCodealong", "ArrayCodealong\ArrayCodealong.csproj", "{B4F6A436-FAD3-49C3-A2D3-0B24CF1D8155}"
EndProject
Project("{9A19103F-16F7-4668-BE54-9A1E7A4F7556}") = "Övning 10 -Arrays", "Övning10-Arrays\Övning 10 -Arrays.csproj", "{C860A9B9-37B4-43C5-8D59-51C011D4E582}"
EndProject
Project("{9A19103F-16F7-4668-BE54-9A1E7A4F7556}") = "JockanNiceHaves", "JockanUI\JockanNiceHaves.csproj", "{20CE8D68-DFC4-4D10-95E3-8DE11F1E504C}"
EndProject
Project("{9A19103F-16F7-4668-BE54-9A1E7A4F7556}") = "Övning 06 -Fortsättning", "Övning6-Fortsättning\Övning 06 -Fortsättning.csproj", "{17CD8421-955C-4FF2-8C3E-7DAB31374393}"
EndProject
Project("{9A19103F-16F7-4668-BE54-9A1E7A4F7556}") = "TransactionDemo", "TransactionDemo\TransactionDemo.csproj", "{0ACB7B44-2F1E-4B1F-B53D-C3B5C40AFE6F}"
EndProject
Project("{9A19103F-16F7-4668-BE54-9A1E7A4F7556}") = "ClassesDemo", "ClassesDemo\ClassesDemo.csproj", "{3F2896BE-39F5-40A0-AB7D-2F4614805E79}"
EndProject
Project("{9A19103F-16F7-4668-BE54-9A1E7A4F7556}") = "Boolsk Algebra", "Boolsk Algebra\Boolsk Algebra.csproj", "{70A676FB-737E-4F5C-B741-97AC7FBD06B6}"
EndProject
Project("{9A19103F-16F7-4668-BE54-9A1E7A4F7556}") = "Övning 09 -MultiDemintionalArray", "MultiDemintionalArray\Övning 09 -MultiDemintionalArray.csproj", "{B96E1DD3-4D1B-4E03-A08A-27EAE6F7FA85}"
EndProject
Project("{9A19103F-16F7-4668-BE54-9A1E7A4F7556}") = "Kladd", "Kladd\Kladd.csproj", "{03E4FAF0-608C-4B16-8397-7B324EBA281F}"
EndProject
Project("{9A19103F-16F7-4668-BE54-9A1E7A4F7556}") = "Properties", "Properties\Properties.csproj", "{21F476DE-85FD-4381-A8DE-A1E2C3159700}"
EndProject
Project("{9A19103F-16F7-4668-BE54-9A1E7A4F7556}") = "ConstructorDemo", "ConstructorDemo\ConstructorDemo.csproj", "{F44F8201-73A2-4C31-B6FB-9307C97DBE2B}"
EndProject
Project("{9A19103F-16F7-4668-BE54-9A1E7A4F7556}") = "ListDemo", "ListDemo\ListDemo.csproj", "{EFCB68BC-64B1-401B-93D8-A77E0D3BC765}"
EndProject
Project("{9A19103F-16F7-4668-BE54-9A1E7A4F7556}") = "Övning 12 - List", "Övning 12 - List\Övning 12 - List.csproj", "{C87319B0-34A9-4EBF-AB22-ACEAA8A1F389}"
EndProject
Project("{9A19103F-16F7-4668-BE54-9A1E7A4F7556}") = "MyClassLibrary", "MyClassLibrary\MyClassLibrary.csproj", "{7BFCC625-185C-4424-B48B-06D50EC83F4B}"
EndProject
Project("{9A19103F-16F7-4668-BE54-9A1E7A4F7556}") = "TryingTopLevelStatements", "TryingTopLevelStatements\TryingTopLevelStatements.csproj", "{6DAD3015-798E-420F-B101-69BA39F7768E}"
EndProject
Project("{9A19103F-16F7-4668-BE54-9A1E7A4F7556}") = "CodealongRepetition", "CodealongRepetition\CodealongRepetition.csproj", "{9C7E4465-781A-4A7A-A004-E436E2EBD4EE}"
EndProject
Project("{9A19103F-16F7-4668-BE54-9A1E7A4F7556}") = "Codealong Zoo", "Codealong Zoo\Codealong Zoo.csproj", "{5E3CE5EB-BCAB-4616-AA7F-C050153928A5}"
EndProject
Project("{9A19103F-16F7-4668-BE54-9A1E7A4F7556}") = "DelegatesDemo", "DelegatesDemo\DelegatesDemo.csproj", "{7F06F1E0-C16A-4D5E-8A96-6296FB0BEF18}"
EndProject
Project("{9A19103F-16F7-4668-BE54-9A1E7A4F7556}") = "DelegatesDemoHåkan", "DelegatesDemoHåkan\DelegatesDemoHåkan.csproj", "{076952B4-BB42-430E-A37A-B71FA02BAAA7}"
EndProject
Project("{2150E333-8FDC-42A3-9474-1A3956D46DE8}") = "Fundamentals", "Fundamentals", "{57683229-071A-4314-9E34-FABBAAEF1A6D}"
EndProject
Project("{2150E333-8FDC-42A3-9474-1A3956D46DE8}") = "Delegates LINQ and Lambda", "Delegates LINQ and Lambda", "{F8FCEE33-281C-4486-83E9-06967D87C2C7}"
EndProject
Project("{2150E333-8FDC-42A3-9474-1A3956D46DE8}") = "OO", "OO", "{6C60238F-179B-46D1-9977-834B34D83153}"
EndProject
Project("{2150E333-8FDC-42A3-9474-1A3956D46DE8}") = "Övningar", "Övningar", "{0E8B0DE9-6F84-426A-8EBB-4FE5D4BF346B}"
EndProject
Project("{2150E333-8FDC-42A3-9474-1A3956D46DE8}") = "ClassRoom Demo", "ClassRoom Demo", "{8EFC8FDD-7C83-488B-A579-9A29A0E99650}"
EndProject
Project("{9A19103F-16F7-4668-BE54-9A1E7A4F7556}") = "Delegater01", "Delegater01\Delegater01.csproj", "{9621BEB3-58D8-44F8-BAD6-C761031A6F2A}"
EndProject
Project("{9A19103F-16F7-4668-BE54-9A1E7A4F7556}") = "Delegater02", "Delegater02\Delegater02.csproj", "{73956755-0DEC-49EB-8C3F-33EF1849DDE3}"
EndProject
Project("{9A19103F-16F7-4668-BE54-9A1E7A4F7556}") = "LinqDemo", "Linq01\LinqDemo.csproj", "{8C80C8B2-9777-441F-82F9-9130D0F80208}"
EndProject
Project("{9A19103F-16F7-4668-BE54-9A1E7A4F7556}") = "LinqLab", "LinqLab\LinqLab.csproj", "{272D426E-39AA-437F-B6B5-76638C464B99}"
EndProject
Project("{2150E333-8FDC-42A3-9474-1A3956D46DE8}") = "MVC", "MVC", "{E2158D21-E999-4BE2-84A2-A1ED795D0792}"
EndProject
Project("{9A19103F-16F7-4668-BE54-9A1E7A4F7556}") = "MVCMönstretCodealong", "MVCMönstretCodealong\MVCMönstretCodealong.csproj", "{1AF0D662-87CF-41B0-9088-55834A488879}"
EndProject
Project("{9A19103F-16F7-4668-BE54-9A1E7A4F7556}") = "ACME", "ACME\ACME.csproj", "{B4B6B02A-2C23-4893-9F7F-CD8AE1316018}"
EndProject
Project("{FAE04EC0-301F-11D3-BF4B-00C04F79EFBC}") = "FavoriteBands", "FavoriteBands\FavoriteBands.csproj", "{683A3F0C-9AED-47EF-987B-CAA85D514E62}"
EndProject
Global
	GlobalSection(SolutionConfigurationPlatforms) = preSolution
		Debug|Any CPU = Debug|Any CPU
		Release|Any CPU = Release|Any CPU
	EndGlobalSection
	GlobalSection(ProjectConfigurationPlatforms) = postSolution
		{B37F50EA-BE13-45DF-AC3A-6BAD8AB5E549}.Debug|Any CPU.ActiveCfg = Debug|Any CPU
		{B37F50EA-BE13-45DF-AC3A-6BAD8AB5E549}.Debug|Any CPU.Build.0 = Debug|Any CPU
		{B37F50EA-BE13-45DF-AC3A-6BAD8AB5E549}.Release|Any CPU.ActiveCfg = Release|Any CPU
		{B37F50EA-BE13-45DF-AC3A-6BAD8AB5E549}.Release|Any CPU.Build.0 = Release|Any CPU
		{E7080F83-E915-4FB7-BA65-3BAE916C3069}.Debug|Any CPU.ActiveCfg = Debug|Any CPU
		{E7080F83-E915-4FB7-BA65-3BAE916C3069}.Debug|Any CPU.Build.0 = Debug|Any CPU
		{E7080F83-E915-4FB7-BA65-3BAE916C3069}.Release|Any CPU.ActiveCfg = Release|Any CPU
		{E7080F83-E915-4FB7-BA65-3BAE916C3069}.Release|Any CPU.Build.0 = Release|Any CPU
		{C4427307-5425-43A3-BDBA-C1176DABEC2E}.Debug|Any CPU.ActiveCfg = Debug|Any CPU
		{C4427307-5425-43A3-BDBA-C1176DABEC2E}.Debug|Any CPU.Build.0 = Debug|Any CPU
		{C4427307-5425-43A3-BDBA-C1176DABEC2E}.Release|Any CPU.ActiveCfg = Release|Any CPU
		{C4427307-5425-43A3-BDBA-C1176DABEC2E}.Release|Any CPU.Build.0 = Release|Any CPU
		{BCFAF72D-466D-4143-A4B0-19D701A7C8D4}.Debug|Any CPU.ActiveCfg = Debug|Any CPU
		{BCFAF72D-466D-4143-A4B0-19D701A7C8D4}.Debug|Any CPU.Build.0 = Debug|Any CPU
		{BCFAF72D-466D-4143-A4B0-19D701A7C8D4}.Release|Any CPU.ActiveCfg = Release|Any CPU
		{BCFAF72D-466D-4143-A4B0-19D701A7C8D4}.Release|Any CPU.Build.0 = Release|Any CPU
		{AC168B78-34D3-4D09-8646-9089CED44CF3}.Debug|Any CPU.ActiveCfg = Debug|Any CPU
		{AC168B78-34D3-4D09-8646-9089CED44CF3}.Debug|Any CPU.Build.0 = Debug|Any CPU
		{AC168B78-34D3-4D09-8646-9089CED44CF3}.Release|Any CPU.ActiveCfg = Release|Any CPU
		{AC168B78-34D3-4D09-8646-9089CED44CF3}.Release|Any CPU.Build.0 = Release|Any CPU
		{B583C68A-2DCE-46B9-8F2B-E02155C72F25}.Debug|Any CPU.ActiveCfg = Debug|Any CPU
		{B583C68A-2DCE-46B9-8F2B-E02155C72F25}.Debug|Any CPU.Build.0 = Debug|Any CPU
		{B583C68A-2DCE-46B9-8F2B-E02155C72F25}.Release|Any CPU.ActiveCfg = Release|Any CPU
		{B583C68A-2DCE-46B9-8F2B-E02155C72F25}.Release|Any CPU.Build.0 = Release|Any CPU
		{CB25EE3B-C153-48D7-A2DB-2ED4E9EC2797}.Debug|Any CPU.ActiveCfg = Debug|Any CPU
		{CB25EE3B-C153-48D7-A2DB-2ED4E9EC2797}.Debug|Any CPU.Build.0 = Debug|Any CPU
		{CB25EE3B-C153-48D7-A2DB-2ED4E9EC2797}.Release|Any CPU.ActiveCfg = Release|Any CPU
		{CB25EE3B-C153-48D7-A2DB-2ED4E9EC2797}.Release|Any CPU.Build.0 = Release|Any CPU
		{FA7A4367-8B4B-443E-B16F-89E110C5B392}.Debug|Any CPU.ActiveCfg = Debug|Any CPU
		{FA7A4367-8B4B-443E-B16F-89E110C5B392}.Debug|Any CPU.Build.0 = Debug|Any CPU
		{FA7A4367-8B4B-443E-B16F-89E110C5B392}.Release|Any CPU.ActiveCfg = Release|Any CPU
		{FA7A4367-8B4B-443E-B16F-89E110C5B392}.Release|Any CPU.Build.0 = Release|Any CPU
		{99226B5C-A462-436E-87A8-E17168F4BF9A}.Debug|Any CPU.ActiveCfg = Debug|Any CPU
		{99226B5C-A462-436E-87A8-E17168F4BF9A}.Debug|Any CPU.Build.0 = Debug|Any CPU
		{99226B5C-A462-436E-87A8-E17168F4BF9A}.Release|Any CPU.ActiveCfg = Release|Any CPU
		{99226B5C-A462-436E-87A8-E17168F4BF9A}.Release|Any CPU.Build.0 = Release|Any CPU
		{10E5CB99-8F29-429B-B810-453E7FE6E0FE}.Debug|Any CPU.ActiveCfg = Debug|Any CPU
		{10E5CB99-8F29-429B-B810-453E7FE6E0FE}.Debug|Any CPU.Build.0 = Debug|Any CPU
		{10E5CB99-8F29-429B-B810-453E7FE6E0FE}.Release|Any CPU.ActiveCfg = Release|Any CPU
		{10E5CB99-8F29-429B-B810-453E7FE6E0FE}.Release|Any CPU.Build.0 = Release|Any CPU
		{B4F6A436-FAD3-49C3-A2D3-0B24CF1D8155}.Debug|Any CPU.ActiveCfg = Debug|Any CPU
		{B4F6A436-FAD3-49C3-A2D3-0B24CF1D8155}.Debug|Any CPU.Build.0 = Debug|Any CPU
		{B4F6A436-FAD3-49C3-A2D3-0B24CF1D8155}.Release|Any CPU.ActiveCfg = Release|Any CPU
		{B4F6A436-FAD3-49C3-A2D3-0B24CF1D8155}.Release|Any CPU.Build.0 = Release|Any CPU
		{C860A9B9-37B4-43C5-8D59-51C011D4E582}.Debug|Any CPU.ActiveCfg = Debug|Any CPU
		{C860A9B9-37B4-43C5-8D59-51C011D4E582}.Debug|Any CPU.Build.0 = Debug|Any CPU
		{C860A9B9-37B4-43C5-8D59-51C011D4E582}.Release|Any CPU.ActiveCfg = Release|Any CPU
		{C860A9B9-37B4-43C5-8D59-51C011D4E582}.Release|Any CPU.Build.0 = Release|Any CPU
		{20CE8D68-DFC4-4D10-95E3-8DE11F1E504C}.Debug|Any CPU.ActiveCfg = Debug|Any CPU
		{20CE8D68-DFC4-4D10-95E3-8DE11F1E504C}.Debug|Any CPU.Build.0 = Debug|Any CPU
		{20CE8D68-DFC4-4D10-95E3-8DE11F1E504C}.Release|Any CPU.ActiveCfg = Release|Any CPU
		{20CE8D68-DFC4-4D10-95E3-8DE11F1E504C}.Release|Any CPU.Build.0 = Release|Any CPU
		{17CD8421-955C-4FF2-8C3E-7DAB31374393}.Debug|Any CPU.ActiveCfg = Debug|Any CPU
		{17CD8421-955C-4FF2-8C3E-7DAB31374393}.Debug|Any CPU.Build.0 = Debug|Any CPU
		{17CD8421-955C-4FF2-8C3E-7DAB31374393}.Release|Any CPU.ActiveCfg = Release|Any CPU
		{17CD8421-955C-4FF2-8C3E-7DAB31374393}.Release|Any CPU.Build.0 = Release|Any CPU
		{0ACB7B44-2F1E-4B1F-B53D-C3B5C40AFE6F}.Debug|Any CPU.ActiveCfg = Debug|Any CPU
		{0ACB7B44-2F1E-4B1F-B53D-C3B5C40AFE6F}.Debug|Any CPU.Build.0 = Debug|Any CPU
		{0ACB7B44-2F1E-4B1F-B53D-C3B5C40AFE6F}.Release|Any CPU.ActiveCfg = Release|Any CPU
		{0ACB7B44-2F1E-4B1F-B53D-C3B5C40AFE6F}.Release|Any CPU.Build.0 = Release|Any CPU
		{3F2896BE-39F5-40A0-AB7D-2F4614805E79}.Debug|Any CPU.ActiveCfg = Debug|Any CPU
		{3F2896BE-39F5-40A0-AB7D-2F4614805E79}.Debug|Any CPU.Build.0 = Debug|Any CPU
		{3F2896BE-39F5-40A0-AB7D-2F4614805E79}.Release|Any CPU.ActiveCfg = Release|Any CPU
		{3F2896BE-39F5-40A0-AB7D-2F4614805E79}.Release|Any CPU.Build.0 = Release|Any CPU
		{70A676FB-737E-4F5C-B741-97AC7FBD06B6}.Debug|Any CPU.ActiveCfg = Debug|Any CPU
		{70A676FB-737E-4F5C-B741-97AC7FBD06B6}.Debug|Any CPU.Build.0 = Debug|Any CPU
		{70A676FB-737E-4F5C-B741-97AC7FBD06B6}.Release|Any CPU.ActiveCfg = Release|Any CPU
		{70A676FB-737E-4F5C-B741-97AC7FBD06B6}.Release|Any CPU.Build.0 = Release|Any CPU
		{B96E1DD3-4D1B-4E03-A08A-27EAE6F7FA85}.Debug|Any CPU.ActiveCfg = Debug|Any CPU
		{B96E1DD3-4D1B-4E03-A08A-27EAE6F7FA85}.Debug|Any CPU.Build.0 = Debug|Any CPU
		{B96E1DD3-4D1B-4E03-A08A-27EAE6F7FA85}.Release|Any CPU.ActiveCfg = Release|Any CPU
		{B96E1DD3-4D1B-4E03-A08A-27EAE6F7FA85}.Release|Any CPU.Build.0 = Release|Any CPU
		{03E4FAF0-608C-4B16-8397-7B324EBA281F}.Debug|Any CPU.ActiveCfg = Debug|Any CPU
		{03E4FAF0-608C-4B16-8397-7B324EBA281F}.Debug|Any CPU.Build.0 = Debug|Any CPU
		{03E4FAF0-608C-4B16-8397-7B324EBA281F}.Release|Any CPU.ActiveCfg = Release|Any CPU
		{03E4FAF0-608C-4B16-8397-7B324EBA281F}.Release|Any CPU.Build.0 = Release|Any CPU
		{21F476DE-85FD-4381-A8DE-A1E2C3159700}.Debug|Any CPU.ActiveCfg = Debug|Any CPU
		{21F476DE-85FD-4381-A8DE-A1E2C3159700}.Debug|Any CPU.Build.0 = Debug|Any CPU
		{21F476DE-85FD-4381-A8DE-A1E2C3159700}.Release|Any CPU.ActiveCfg = Release|Any CPU
		{21F476DE-85FD-4381-A8DE-A1E2C3159700}.Release|Any CPU.Build.0 = Release|Any CPU
		{F44F8201-73A2-4C31-B6FB-9307C97DBE2B}.Debug|Any CPU.ActiveCfg = Debug|Any CPU
		{F44F8201-73A2-4C31-B6FB-9307C97DBE2B}.Debug|Any CPU.Build.0 = Debug|Any CPU
		{F44F8201-73A2-4C31-B6FB-9307C97DBE2B}.Release|Any CPU.ActiveCfg = Release|Any CPU
		{F44F8201-73A2-4C31-B6FB-9307C97DBE2B}.Release|Any CPU.Build.0 = Release|Any CPU
		{EFCB68BC-64B1-401B-93D8-A77E0D3BC765}.Debug|Any CPU.ActiveCfg = Debug|Any CPU
		{EFCB68BC-64B1-401B-93D8-A77E0D3BC765}.Debug|Any CPU.Build.0 = Debug|Any CPU
		{EFCB68BC-64B1-401B-93D8-A77E0D3BC765}.Release|Any CPU.ActiveCfg = Release|Any CPU
		{EFCB68BC-64B1-401B-93D8-A77E0D3BC765}.Release|Any CPU.Build.0 = Release|Any CPU
		{C87319B0-34A9-4EBF-AB22-ACEAA8A1F389}.Debug|Any CPU.ActiveCfg = Debug|Any CPU
		{C87319B0-34A9-4EBF-AB22-ACEAA8A1F389}.Debug|Any CPU.Build.0 = Debug|Any CPU
		{C87319B0-34A9-4EBF-AB22-ACEAA8A1F389}.Release|Any CPU.ActiveCfg = Release|Any CPU
		{C87319B0-34A9-4EBF-AB22-ACEAA8A1F389}.Release|Any CPU.Build.0 = Release|Any CPU
		{7BFCC625-185C-4424-B48B-06D50EC83F4B}.Debug|Any CPU.ActiveCfg = Debug|Any CPU
		{7BFCC625-185C-4424-B48B-06D50EC83F4B}.Debug|Any CPU.Build.0 = Debug|Any CPU
		{7BFCC625-185C-4424-B48B-06D50EC83F4B}.Release|Any CPU.ActiveCfg = Release|Any CPU
		{7BFCC625-185C-4424-B48B-06D50EC83F4B}.Release|Any CPU.Build.0 = Release|Any CPU
		{6DAD3015-798E-420F-B101-69BA39F7768E}.Debug|Any CPU.ActiveCfg = Debug|Any CPU
		{6DAD3015-798E-420F-B101-69BA39F7768E}.Debug|Any CPU.Build.0 = Debug|Any CPU
		{6DAD3015-798E-420F-B101-69BA39F7768E}.Release|Any CPU.ActiveCfg = Release|Any CPU
		{6DAD3015-798E-420F-B101-69BA39F7768E}.Release|Any CPU.Build.0 = Release|Any CPU
		{9C7E4465-781A-4A7A-A004-E436E2EBD4EE}.Debug|Any CPU.ActiveCfg = Debug|Any CPU
		{9C7E4465-781A-4A7A-A004-E436E2EBD4EE}.Debug|Any CPU.Build.0 = Debug|Any CPU
		{9C7E4465-781A-4A7A-A004-E436E2EBD4EE}.Release|Any CPU.ActiveCfg = Release|Any CPU
		{9C7E4465-781A-4A7A-A004-E436E2EBD4EE}.Release|Any CPU.Build.0 = Release|Any CPU
		{5E3CE5EB-BCAB-4616-AA7F-C050153928A5}.Debug|Any CPU.ActiveCfg = Debug|Any CPU
		{5E3CE5EB-BCAB-4616-AA7F-C050153928A5}.Debug|Any CPU.Build.0 = Debug|Any CPU
		{5E3CE5EB-BCAB-4616-AA7F-C050153928A5}.Release|Any CPU.ActiveCfg = Release|Any CPU
		{5E3CE5EB-BCAB-4616-AA7F-C050153928A5}.Release|Any CPU.Build.0 = Release|Any CPU
		{7F06F1E0-C16A-4D5E-8A96-6296FB0BEF18}.Debug|Any CPU.ActiveCfg = Debug|Any CPU
		{7F06F1E0-C16A-4D5E-8A96-6296FB0BEF18}.Debug|Any CPU.Build.0 = Debug|Any CPU
		{7F06F1E0-C16A-4D5E-8A96-6296FB0BEF18}.Release|Any CPU.ActiveCfg = Release|Any CPU
		{7F06F1E0-C16A-4D5E-8A96-6296FB0BEF18}.Release|Any CPU.Build.0 = Release|Any CPU
		{076952B4-BB42-430E-A37A-B71FA02BAAA7}.Debug|Any CPU.ActiveCfg = Debug|Any CPU
		{076952B4-BB42-430E-A37A-B71FA02BAAA7}.Debug|Any CPU.Build.0 = Debug|Any CPU
		{076952B4-BB42-430E-A37A-B71FA02BAAA7}.Release|Any CPU.ActiveCfg = Release|Any CPU
		{076952B4-BB42-430E-A37A-B71FA02BAAA7}.Release|Any CPU.Build.0 = Release|Any CPU
		{9621BEB3-58D8-44F8-BAD6-C761031A6F2A}.Debug|Any CPU.ActiveCfg = Debug|Any CPU
		{9621BEB3-58D8-44F8-BAD6-C761031A6F2A}.Debug|Any CPU.Build.0 = Debug|Any CPU
		{9621BEB3-58D8-44F8-BAD6-C761031A6F2A}.Release|Any CPU.ActiveCfg = Release|Any CPU
		{9621BEB3-58D8-44F8-BAD6-C761031A6F2A}.Release|Any CPU.Build.0 = Release|Any CPU
		{73956755-0DEC-49EB-8C3F-33EF1849DDE3}.Debug|Any CPU.ActiveCfg = Debug|Any CPU
		{73956755-0DEC-49EB-8C3F-33EF1849DDE3}.Debug|Any CPU.Build.0 = Debug|Any CPU
		{73956755-0DEC-49EB-8C3F-33EF1849DDE3}.Release|Any CPU.ActiveCfg = Release|Any CPU
		{73956755-0DEC-49EB-8C3F-33EF1849DDE3}.Release|Any CPU.Build.0 = Release|Any CPU
		{8C80C8B2-9777-441F-82F9-9130D0F80208}.Debug|Any CPU.ActiveCfg = Debug|Any CPU
		{8C80C8B2-9777-441F-82F9-9130D0F80208}.Debug|Any CPU.Build.0 = Debug|Any CPU
		{8C80C8B2-9777-441F-82F9-9130D0F80208}.Release|Any CPU.ActiveCfg = Release|Any CPU
		{8C80C8B2-9777-441F-82F9-9130D0F80208}.Release|Any CPU.Build.0 = Release|Any CPU
		{272D426E-39AA-437F-B6B5-76638C464B99}.Debug|Any CPU.ActiveCfg = Debug|Any CPU
		{272D426E-39AA-437F-B6B5-76638C464B99}.Debug|Any CPU.Build.0 = Debug|Any CPU
		{272D426E-39AA-437F-B6B5-76638C464B99}.Release|Any CPU.ActiveCfg = Release|Any CPU
		{272D426E-39AA-437F-B6B5-76638C464B99}.Release|Any CPU.Build.0 = Release|Any CPU
		{1AF0D662-87CF-41B0-9088-55834A488879}.Debug|Any CPU.ActiveCfg = Debug|Any CPU
		{1AF0D662-87CF-41B0-9088-55834A488879}.Debug|Any CPU.Build.0 = Debug|Any CPU
		{1AF0D662-87CF-41B0-9088-55834A488879}.Release|Any CPU.ActiveCfg = Release|Any CPU
		{1AF0D662-87CF-41B0-9088-55834A488879}.Release|Any CPU.Build.0 = Release|Any CPU
		{B4B6B02A-2C23-4893-9F7F-CD8AE1316018}.Debug|Any CPU.ActiveCfg = Debug|Any CPU
		{B4B6B02A-2C23-4893-9F7F-CD8AE1316018}.Debug|Any CPU.Build.0 = Debug|Any CPU
		{B4B6B02A-2C23-4893-9F7F-CD8AE1316018}.Release|Any CPU.ActiveCfg = Release|Any CPU
		{B4B6B02A-2C23-4893-9F7F-CD8AE1316018}.Release|Any CPU.Build.0 = Release|Any CPU
		{683A3F0C-9AED-47EF-987B-CAA85D514E62}.Debug|Any CPU.ActiveCfg = Debug|Any CPU
		{683A3F0C-9AED-47EF-987B-CAA85D514E62}.Debug|Any CPU.Build.0 = Debug|Any CPU
		{683A3F0C-9AED-47EF-987B-CAA85D514E62}.Release|Any CPU.ActiveCfg = Release|Any CPU
		{683A3F0C-9AED-47EF-987B-CAA85D514E62}.Release|Any CPU.Build.0 = Release|Any CPU
	EndGlobalSection
	GlobalSection(SolutionProperties) = preSolution
		HideSolutionNode = FALSE
	EndGlobalSection
	GlobalSection(NestedProjects) = preSolution
		{B37F50EA-BE13-45DF-AC3A-6BAD8AB5E549} = {0E8B0DE9-6F84-426A-8EBB-4FE5D4BF346B}
		{E7080F83-E915-4FB7-BA65-3BAE916C3069} = {0E8B0DE9-6F84-426A-8EBB-4FE5D4BF346B}
		{C4427307-5425-43A3-BDBA-C1176DABEC2E} = {0E8B0DE9-6F84-426A-8EBB-4FE5D4BF346B}
		{BCFAF72D-466D-4143-A4B0-19D701A7C8D4} = {0E8B0DE9-6F84-426A-8EBB-4FE5D4BF346B}
		{AC168B78-34D3-4D09-8646-9089CED44CF3} = {0E8B0DE9-6F84-426A-8EBB-4FE5D4BF346B}
		{B583C68A-2DCE-46B9-8F2B-E02155C72F25} = {8EFC8FDD-7C83-488B-A579-9A29A0E99650}
		{CB25EE3B-C153-48D7-A2DB-2ED4E9EC2797} = {0E8B0DE9-6F84-426A-8EBB-4FE5D4BF346B}
		{FA7A4367-8B4B-443E-B16F-89E110C5B392} = {0E8B0DE9-6F84-426A-8EBB-4FE5D4BF346B}
		{99226B5C-A462-436E-87A8-E17168F4BF9A} = {57683229-071A-4314-9E34-FABBAAEF1A6D}
		{10E5CB99-8F29-429B-B810-453E7FE6E0FE} = {0E8B0DE9-6F84-426A-8EBB-4FE5D4BF346B}
		{B4F6A436-FAD3-49C3-A2D3-0B24CF1D8155} = {8EFC8FDD-7C83-488B-A579-9A29A0E99650}
		{C860A9B9-37B4-43C5-8D59-51C011D4E582} = {0E8B0DE9-6F84-426A-8EBB-4FE5D4BF346B}
		{17CD8421-955C-4FF2-8C3E-7DAB31374393} = {0E8B0DE9-6F84-426A-8EBB-4FE5D4BF346B}
		{0ACB7B44-2F1E-4B1F-B53D-C3B5C40AFE6F} = {8EFC8FDD-7C83-488B-A579-9A29A0E99650}
		{3F2896BE-39F5-40A0-AB7D-2F4614805E79} = {6C60238F-179B-46D1-9977-834B34D83153}
		{70A676FB-737E-4F5C-B741-97AC7FBD06B6} = {0E8B0DE9-6F84-426A-8EBB-4FE5D4BF346B}
		{B96E1DD3-4D1B-4E03-A08A-27EAE6F7FA85} = {0E8B0DE9-6F84-426A-8EBB-4FE5D4BF346B}
		{21F476DE-85FD-4381-A8DE-A1E2C3159700} = {8EFC8FDD-7C83-488B-A579-9A29A0E99650}
		{F44F8201-73A2-4C31-B6FB-9307C97DBE2B} = {8EFC8FDD-7C83-488B-A579-9A29A0E99650}
		{EFCB68BC-64B1-401B-93D8-A77E0D3BC765} = {8EFC8FDD-7C83-488B-A579-9A29A0E99650}
		{C87319B0-34A9-4EBF-AB22-ACEAA8A1F389} = {0E8B0DE9-6F84-426A-8EBB-4FE5D4BF346B}
		{7BFCC625-185C-4424-B48B-06D50EC83F4B} = {8EFC8FDD-7C83-488B-A579-9A29A0E99650}
		{9C7E4465-781A-4A7A-A004-E436E2EBD4EE} = {8EFC8FDD-7C83-488B-A579-9A29A0E99650}
		{5E3CE5EB-BCAB-4616-AA7F-C050153928A5} = {6C60238F-179B-46D1-9977-834B34D83153}
		{7F06F1E0-C16A-4D5E-8A96-6296FB0BEF18} = {F8FCEE33-281C-4486-83E9-06967D87C2C7}
		{076952B4-BB42-430E-A37A-B71FA02BAAA7} = {F8FCEE33-281C-4486-83E9-06967D87C2C7}
		{0E8B0DE9-6F84-426A-8EBB-4FE5D4BF346B} = {57683229-071A-4314-9E34-FABBAAEF1A6D}
		{8EFC8FDD-7C83-488B-A579-9A29A0E99650} = {57683229-071A-4314-9E34-FABBAAEF1A6D}
		{9621BEB3-58D8-44F8-BAD6-C761031A6F2A} = {F8FCEE33-281C-4486-83E9-06967D87C2C7}
		{73956755-0DEC-49EB-8C3F-33EF1849DDE3} = {F8FCEE33-281C-4486-83E9-06967D87C2C7}
		{8C80C8B2-9777-441F-82F9-9130D0F80208} = {F8FCEE33-281C-4486-83E9-06967D87C2C7}
		{272D426E-39AA-437F-B6B5-76638C464B99} = {F8FCEE33-281C-4486-83E9-06967D87C2C7}
		{1AF0D662-87CF-41B0-9088-55834A488879} = {E2158D21-E999-4BE2-84A2-A1ED795D0792}
		{B4B6B02A-2C23-4893-9F7F-CD8AE1316018} = {E2158D21-E999-4BE2-84A2-A1ED795D0792}
		{683A3F0C-9AED-47EF-987B-CAA85D514E62} = {E2158D21-E999-4BE2-84A2-A1ED795D0792}
	EndGlobalSection
	GlobalSection(ExtensibilityGlobals) = postSolution
		SolutionGuid = {5A2BA36A-ED39-479F-8A88-4F108FBA2861}
	EndGlobalSection
EndGlobal
