
Microsoft Visual Studio Solution File, Format Version 12.00
# Visual Studio Version 17
VisualStudioVersion = 17.3.32922.545
MinimumVisualStudioVersion = 10.0.40219.1
Project("{9A19103F-16F7-4668-BE54-9A1E7A4F7556}") = "Övning 2", "Övning 2\Övning 2.csproj", "{B37F50EA-BE13-45DF-AC3A-6BAD8AB5E549}"
EndProject
Project("{9A19103F-16F7-4668-BE54-9A1E7A4F7556}") = "Övning 3", "Övning 3\Övning 3.csproj", "{E7080F83-E915-4FB7-BA65-3BAE916C3069}"
EndProject
Project("{9A19103F-16F7-4668-BE54-9A1E7A4F7556}") = "Övning4", "Övning4\Övning4.csproj", "{C4427307-5425-43A3-BDBA-C1176DABEC2E}"
EndProject
Project("{9A19103F-16F7-4668-BE54-9A1E7A4F7556}") = "Övning5-Exceptions", "Övning5-Exceptions\Övning5-Exceptions.csproj", "{BCFAF72D-466D-4143-A4B0-19D701A7C8D4}"
EndProject
Project("{9A19103F-16F7-4668-BE54-9A1E7A4F7556}") = "Övning6-switches", "Övning6-switches\Övning6-switches.csproj", "{AC168B78-34D3-4D09-8646-9089CED44CF3}"
EndProject
Project("{FAE04EC0-301F-11D3-BF4B-00C04F79EFBC}") = "Enums", "Enums\Enums.csproj", "{B583C68A-2DCE-46B9-8F2B-E02155C72F25}"
EndProject
Global
	GlobalSection(SolutionConfigurationPlatforms) = preSolution
		Debug|Any CPU = Debug|Any CPU
		Release|Any CPU = Release|Any CPU
	EndGlobalSection
	GlobalSection(ProjectConfigurationPlatforms) = postSolution
		{B37F50EA-BE13-45DF-AC3A-6BAD8AB5E549}.Debug|Any CPU.ActiveCfg = Debug|Any CPU
		{B37F50EA-BE13-45DF-AC3A-6BAD8AB5E549}.Debug|Any CPU.Build.0 = Debug|Any CPU
		{B37F50EA-BE13-45DF-AC3A-6BAD8AB5E549}.Release|Any CPU.ActiveCfg = Release|Any CPU
		{B37F50EA-BE13-45DF-AC3A-6BAD8AB5E549}.Release|Any CPU.Build.0 = Release|Any CPU
		{E7080F83-E915-4FB7-BA65-3BAE916C3069}.Debug|Any CPU.ActiveCfg = Debug|Any CPU
		{E7080F83-E915-4FB7-BA65-3BAE916C3069}.Debug|Any CPU.Build.0 = Debug|Any CPU
		{E7080F83-E915-4FB7-BA65-3BAE916C3069}.Release|Any CPU.ActiveCfg = Release|Any CPU
		{E7080F83-E915-4FB7-BA65-3BAE916C3069}.Release|Any CPU.Build.0 = Release|Any CPU
		{C4427307-5425-43A3-BDBA-C1176DABEC2E}.Debug|Any CPU.ActiveCfg = Debug|Any CPU
		{C4427307-5425-43A3-BDBA-C1176DABEC2E}.Debug|Any CPU.Build.0 = Debug|Any CPU
		{C4427307-5425-43A3-BDBA-C1176DABEC2E}.Release|Any CPU.ActiveCfg = Release|Any CPU
		{C4427307-5425-43A3-BDBA-C1176DABEC2E}.Release|Any CPU.Build.0 = Release|Any CPU
		{BCFAF72D-466D-4143-A4B0-19D701A7C8D4}.Debug|Any CPU.ActiveCfg = Debug|Any CPU
		{BCFAF72D-466D-4143-A4B0-19D701A7C8D4}.Debug|Any CPU.Build.0 = Debug|Any CPU
		{BCFAF72D-466D-4143-A4B0-19D701A7C8D4}.Release|Any CPU.ActiveCfg = Release|Any CPU
		{BCFAF72D-466D-4143-A4B0-19D701A7C8D4}.Release|Any CPU.Build.0 = Release|Any CPU
		{AC168B78-34D3-4D09-8646-9089CED44CF3}.Debug|Any CPU.ActiveCfg = Debug|Any CPU
		{AC168B78-34D3-4D09-8646-9089CED44CF3}.Debug|Any CPU.Build.0 = Debug|Any CPU
		{AC168B78-34D3-4D09-8646-9089CED44CF3}.Release|Any CPU.ActiveCfg = Release|Any CPU
		{AC168B78-34D3-4D09-8646-9089CED44CF3}.Release|Any CPU.Build.0 = Release|Any CPU
		{B583C68A-2DCE-46B9-8F2B-E02155C72F25}.Debug|Any CPU.ActiveCfg = Debug|Any CPU
		{B583C68A-2DCE-46B9-8F2B-E02155C72F25}.Debug|Any CPU.Build.0 = Debug|Any CPU
		{B583C68A-2DCE-46B9-8F2B-E02155C72F25}.Release|Any CPU.ActiveCfg = Release|Any CPU
		{B583C68A-2DCE-46B9-8F2B-E02155C72F25}.Release|Any CPU.Build.0 = Release|Any CPU
	EndGlobalSection
	GlobalSection(SolutionProperties) = preSolution
		HideSolutionNode = FALSE
	EndGlobalSection
	GlobalSection(ExtensibilityGlobals) = postSolution
		SolutionGuid = {5A2BA36A-ED39-479F-8A88-4F108FBA2861}
	EndGlobalSection
EndGlobal
